Microsoft Visual Studio Solution File, Format Version 12.00
# Visual Studio Version 17
VisualStudioVersion = 17.5.2.0
MinimumVisualStudioVersion = 10.0.40219.1
Project("{FAE04EC0-301F-11D3-BF4B-00C04F79EFBC}") = "MashinkyWikiGen", "MashinkyWikiGen\MashinkyWikiGen.csproj", "{7EC68CC7-62BC-E80C-CA5D-837905413B4E}"
EndProject
Global
	GlobalSection(SolutionConfigurationPlatforms) = preSolution
		Debug|Any CPU = Debug|Any CPU
		Release|Any CPU = Release|Any CPU
	EndGlobalSection
	GlobalSection(ProjectConfigurationPlatforms) = postSolution
		{7EC68CC7-62BC-E80C-CA5D-837905413B4E}.Debug|Any CPU.ActiveCfg = Debug|Any CPU
		{7EC68CC7-62BC-E80C-CA5D-837905413B4E}.Debug|Any CPU.Build.0 = Debug|Any CPU
		{7EC68CC7-62BC-E80C-CA5D-837905413B4E}.Release|Any CPU.ActiveCfg = Release|Any CPU
		{7EC68CC7-62BC-E80C-CA5D-837905413B4E}.Release|Any CPU.Build.0 = Release|Any CPU
	EndGlobalSection
	GlobalSection(SolutionProperties) = preSolution
		HideSolutionNode = FALSE
	EndGlobalSection
	GlobalSection(ExtensibilityGlobals) = postSolution
		SolutionGuid = {1B967924-1037-4D35-8A84-DEA515BF8E9F}
	EndGlobalSection
EndGlobal
